// !$*UTF8*$!
{
	archiveVersion = 1;
	classes = {
	};
	objectVersion = 50;
	objects = {

/* Begin PBXBuildFile section */
		7E368BF025375C5B005BA3D4 /* AppDelegate.swift in Sources */ = {isa = PBXBuildFile; fileRef = 7E368BEF25375C5B005BA3D4 /* AppDelegate.swift */; };
		7E368BF225375C5B005BA3D4 /* SceneDelegate.swift in Sources */ = {isa = PBXBuildFile; fileRef = 7E368BF125375C5B005BA3D4 /* SceneDelegate.swift */; };
		7E368BF725375C5B005BA3D4 /* Main.storyboard in Resources */ = {isa = PBXBuildFile; fileRef = 7E368BF525375C5B005BA3D4 /* Main.storyboard */; };
		7E368BF925375C5C005BA3D4 /* Assets.xcassets in Resources */ = {isa = PBXBuildFile; fileRef = 7E368BF825375C5C005BA3D4 /* Assets.xcassets */; };
		7E368BFC25375C5C005BA3D4 /* LaunchScreen.storyboard in Resources */ = {isa = PBXBuildFile; fileRef = 7E368BFA25375C5C005BA3D4 /* LaunchScreen.storyboard */; };
		7E368C0A25375E12005BA3D4 /* Entry.swift in Sources */ = {isa = PBXBuildFile; fileRef = 7E368C0925375E12005BA3D4 /* Entry.swift */; };
/* End PBXBuildFile section */

/* Begin PBXFileReference section */
		7E368BEC25375C5B005BA3D4 /* GitCollabJournal36.app */ = {isa = PBXFileReference; explicitFileType = wrapper.application; includeInIndex = 0; path = GitCollabJournal36.app; sourceTree = BUILT_PRODUCTS_DIR; };
		7E368BEF25375C5B005BA3D4 /* AppDelegate.swift */ = {isa = PBXFileReference; lastKnownFileType = sourcecode.swift; path = AppDelegate.swift; sourceTree = "<group>"; };
		7E368BF125375C5B005BA3D4 /* SceneDelegate.swift */ = {isa = PBXFileReference; lastKnownFileType = sourcecode.swift; path = SceneDelegate.swift; sourceTree = "<group>"; };
		7E368BF625375C5B005BA3D4 /* Base */ = {isa = PBXFileReference; lastKnownFileType = file.storyboard; name = Base; path = Base.lproj/Main.storyboard; sourceTree = "<group>"; };
		7E368BF825375C5C005BA3D4 /* Assets.xcassets */ = {isa = PBXFileReference; lastKnownFileType = folder.assetcatalog; path = Assets.xcassets; sourceTree = "<group>"; };
		7E368BFB25375C5C005BA3D4 /* Base */ = {isa = PBXFileReference; lastKnownFileType = file.storyboard; name = Base; path = Base.lproj/LaunchScreen.storyboard; sourceTree = "<group>"; };
		7E368BFD25375C5C005BA3D4 /* Info.plist */ = {isa = PBXFileReference; lastKnownFileType = text.plist.xml; path = Info.plist; sourceTree = "<group>"; };
		7E368C0925375E12005BA3D4 /* Entry.swift */ = {isa = PBXFileReference; lastKnownFileType = sourcecode.swift; path = Entry.swift; sourceTree = "<group>"; };
/* End PBXFileReference section */

/* Begin PBXFrameworksBuildPhase section */
		7E368BE925375C5B005BA3D4 /* Frameworks */ = {
			isa = PBXFrameworksBuildPhase;
			buildActionMask = 2147483647;
			files = (
			);
			runOnlyForDeploymentPostprocessing = 0;
		};
/* End PBXFrameworksBuildPhase section */

/* Begin PBXGroup section */
		7E368BE325375C5B005BA3D4 = {
			isa = PBXGroup;
			children = (
				7E368BEE25375C5B005BA3D4 /* GitCollabJournal36 */,
				7E368BED25375C5B005BA3D4 /* Products */,
			);
			sourceTree = "<group>";
		};
		7E368BED25375C5B005BA3D4 /* Products */ = {
			isa = PBXGroup;
			children = (
				7E368BEC25375C5B005BA3D4 /* GitCollabJournal36.app */,
			);
			name = Products;
			sourceTree = "<group>";
		};
		7E368BEE25375C5B005BA3D4 /* GitCollabJournal36 */ = {
			isa = PBXGroup;
			children = (
				7E368C0825375E03005BA3D4 /* Model */,
				7E368C0425375CAD005BA3D4 /* Resources */,
				7E368BF525375C5B005BA3D4 /* Main.storyboard */,
			);
			path = GitCollabJournal36;
			sourceTree = "<group>";
		};
		7E368C0425375CAD005BA3D4 /* Resources */ = {
			isa = PBXGroup;
			children = (
				7E368BEF25375C5B005BA3D4 /* AppDelegate.swift */,
				7E368BF125375C5B005BA3D4 /* SceneDelegate.swift */,
				7E368BF825375C5C005BA3D4 /* Assets.xcassets */,
				7E368BFA25375C5C005BA3D4 /* LaunchScreen.storyboard */,
				7E368BFD25375C5C005BA3D4 /* Info.plist */,
			);
			path = Resources;
			sourceTree = "<group>";
		};
		7E368C0825375E03005BA3D4 /* Model */ = {
			isa = PBXGroup;
			children = (
				7E368C0925375E12005BA3D4 /* Entry.swift */,
			);
			path = Model;
			sourceTree = "<group>";
		};
/* End PBXGroup section */

/* Begin PBXNativeTarget section */
		7E368BEB25375C5B005BA3D4 /* GitCollabJournal36 */ = {
			isa = PBXNativeTarget;
			buildConfigurationList = 7E368C0025375C5C005BA3D4 /* Build configuration list for PBXNativeTarget "GitCollabJournal36" */;
			buildPhases = (
				7E368BE825375C5B005BA3D4 /* Sources */,
				7E368BE925375C5B005BA3D4 /* Frameworks */,
				7E368BEA25375C5B005BA3D4 /* Resources */,
			);
			buildRules = (
			);
			dependencies = (
			);
			name = GitCollabJournal36;
			productName = GitCollabJournal36;
			productReference = 7E368BEC25375C5B005BA3D4 /* GitCollabJournal36.app */;
			productType = "com.apple.product-type.application";
		};
/* End PBXNativeTarget section */

/* Begin PBXProject section */
		7E368BE425375C5B005BA3D4 /* Project object */ = {
			isa = PBXProject;
			attributes = {
				LastSwiftUpdateCheck = 1200;
				LastUpgradeCheck = 1200;
				TargetAttributes = {
					7E368BEB25375C5B005BA3D4 = {
						CreatedOnToolsVersion = 12.0.1;
					};
				};
			};
			buildConfigurationList = 7E368BE725375C5B005BA3D4 /* Build configuration list for PBXProject "GitCollabJournal36" */;
			compatibilityVersion = "Xcode 9.3";
			developmentRegion = en;
			hasScannedForEncodings = 0;
			knownRegions = (
				en,
				Base,
			);
			mainGroup = 7E368BE325375C5B005BA3D4;
			productRefGroup = 7E368BED25375C5B005BA3D4 /* Products */;
			projectDirPath = "";
			projectRoot = "";
			targets = (
				7E368BEB25375C5B005BA3D4 /* GitCollabJournal36 */,
			);
		};
/* End PBXProject section */

/* Begin PBXResourcesBuildPhase section */
		7E368BEA25375C5B005BA3D4 /* Resources */ = {
			isa = PBXResourcesBuildPhase;
			buildActionMask = 2147483647;
			files = (
				7E368BFC25375C5C005BA3D4 /* LaunchScreen.storyboard in Resources */,
				7E368BF925375C5C005BA3D4 /* Assets.xcassets in Resources */,
				7E368BF725375C5B005BA3D4 /* Main.storyboard in Resources */,
			);
			runOnlyForDeploymentPostprocessing = 0;
		};
/* End PBXResourcesBuildPhase section */

/* Begin PBXSourcesBuildPhase section */
		7E368BE825375C5B005BA3D4 /* Sources */ = {
			isa = PBXSourcesBuildPhase;
			buildActionMask = 2147483647;
			files = (
				7E368C0A25375E12005BA3D4 /* Entry.swift in Sources */,
				7E368BF025375C5B005BA3D4 /* AppDelegate.swift in Sources */,
				7E368BF225375C5B005BA3D4 /* SceneDelegate.swift in Sources */,
			);
			runOnlyForDeploymentPostprocessing = 0;
		};
/* End PBXSourcesBuildPhase section */

/* Begin PBXVariantGroup section */
		7E368BF525375C5B005BA3D4 /* Main.storyboard */ = {
			isa = PBXVariantGroup;
			children = (
				7E368BF625375C5B005BA3D4 /* Base */,
			);
			name = Main.storyboard;
			sourceTree = "<group>";
		};
		7E368BFA25375C5C005BA3D4 /* LaunchScreen.storyboard */ = {
			isa = PBXVariantGroup;
			children = (
				7E368BFB25375C5C005BA3D4 /* Base */,
			);
			name = LaunchScreen.storyboard;
			sourceTree = "<group>";
		};
/* End PBXVariantGroup section */

/* Begin XCBuildConfiguration section */
		7E368BFE25375C5C005BA3D4 /* Debug */ = {
			isa = XCBuildConfiguration;
			buildSettings = {
				ALWAYS_SEARCH_USER_PATHS = NO;
				CLANG_ANALYZER_NONNULL = YES;
				CLANG_ANALYZER_NUMBER_OBJECT_CONVERSION = YES_AGGRESSIVE;
				CLANG_CXX_LANGUAGE_STANDARD = "gnu++14";
				CLANG_CXX_LIBRARY = "libc++";
				CLANG_ENABLE_MODULES = YES;
				CLANG_ENABLE_OBJC_ARC = YES;
				CLANG_ENABLE_OBJC_WEAK = YES;
				CLANG_WARN_BLOCK_CAPTURE_AUTORELEASING = YES;
				CLANG_WARN_BOOL_CONVERSION = YES;
				CLANG_WARN_COMMA = YES;
				CLANG_WARN_CONSTANT_CONVERSION = YES;
				CLANG_WARN_DEPRECATED_OBJC_IMPLEMENTATIONS = YES;
				CLANG_WARN_DIRECT_OBJC_ISA_USAGE = YES_ERROR;
				CLANG_WARN_DOCUMENTATION_COMMENTS = YES;
				CLANG_WARN_EMPTY_BODY = YES;
				CLANG_WARN_ENUM_CONVERSION = YES;
				CLANG_WARN_INFINITE_RECURSION = YES;
				CLANG_WARN_INT_CONVERSION = YES;
				CLANG_WARN_NON_LITERAL_NULL_CONVERSION = YES;
				CLANG_WARN_OBJC_IMPLICIT_RETAIN_SELF = YES;
				CLANG_WARN_OBJC_LITERAL_CONVERSION = YES;
				CLANG_WARN_OBJC_ROOT_CLASS = YES_ERROR;
				CLANG_WARN_QUOTED_INCLUDE_IN_FRAMEWORK_HEADER = YES;
				CLANG_WARN_RANGE_LOOP_ANALYSIS = YES;
				CLANG_WARN_STRICT_PROTOTYPES = YES;
				CLANG_WARN_SUSPICIOUS_MOVE = YES;
				CLANG_WARN_UNGUARDED_AVAILABILITY = YES_AGGRESSIVE;
				CLANG_WARN_UNREACHABLE_CODE = YES;
				CLANG_WARN__DUPLICATE_METHOD_MATCH = YES;
				COPY_PHASE_STRIP = NO;
				DEBUG_INFORMATION_FORMAT = dwarf;
				ENABLE_STRICT_OBJC_MSGSEND = YES;
				ENABLE_TESTABILITY = YES;
				GCC_C_LANGUAGE_STANDARD = gnu11;
				GCC_DYNAMIC_NO_PIC = NO;
				GCC_NO_COMMON_BLOCKS = YES;
				GCC_OPTIMIZATION_LEVEL = 0;
				GCC_PREPROCESSOR_DEFINITIONS = (
					"DEBUG=1",
					"$(inherited)",
				);
				GCC_WARN_64_TO_32_BIT_CONVERSION = YES;
				GCC_WARN_ABOUT_RETURN_TYPE = YES_ERROR;
				GCC_WARN_UNDECLARED_SELECTOR = YES;
				GCC_WARN_UNINITIALIZED_AUTOS = YES_AGGRESSIVE;
				GCC_WARN_UNUSED_FUNCTION = YES;
				GCC_WARN_UNUSED_VARIABLE = YES;
				IPHONEOS_DEPLOYMENT_TARGET = 14.0;
				MTL_ENABLE_DEBUG_INFO = INCLUDE_SOURCE;
				MTL_FAST_MATH = YES;
				ONLY_ACTIVE_ARCH = YES;
				SDKROOT = iphoneos;
				SWIFT_ACTIVE_COMPILATION_CONDITIONS = DEBUG;
				SWIFT_OPTIMIZATION_LEVEL = "-Onone";
			};
			name = Debug;
		};
		7E368BFF25375C5C005BA3D4 /* Release */ = {
			isa = XCBuildConfiguration;
			buildSettings = {
				ALWAYS_SEARCH_USER_PATHS = NO;
				CLANG_ANALYZER_NONNULL = YES;
				CLANG_ANALYZER_NUMBER_OBJECT_CONVERSION = YES_AGGRESSIVE;
				CLANG_CXX_LANGUAGE_STANDARD = "gnu++14";
				CLANG_CXX_LIBRARY = "libc++";
				CLANG_ENABLE_MODULES = YES;
				CLANG_ENABLE_OBJC_ARC = YES;
				CLANG_ENABLE_OBJC_WEAK = YES;
				CLANG_WARN_BLOCK_CAPTURE_AUTORELEASING = YES;
				CLANG_WARN_BOOL_CONVERSION = YES;
				CLANG_WARN_COMMA = YES;
				CLANG_WARN_CONSTANT_CONVERSION = YES;
				CLANG_WARN_DEPRECATED_OBJC_IMPLEMENTATIONS = YES;
				CLANG_WARN_DIRECT_OBJC_ISA_USAGE = YES_ERROR;
				CLANG_WARN_DOCUMENTATION_COMMENTS = YES;
				CLANG_WARN_EMPTY_BODY = YES;
				CLANG_WARN_ENUM_CONVERSION = YES;
				CLANG_WARN_INFINITE_RECURSION = YES;
				CLANG_WARN_INT_CONVERSION = YES;
				CLANG_WARN_NON_LITERAL_NULL_CONVERSION = YES;
				CLANG_WARN_OBJC_IMPLICIT_RETAIN_SELF = YES;
				CLANG_WARN_OBJC_LITERAL_CONVERSION = YES;
				CLANG_WARN_OBJC_ROOT_CLASS = YES_ERROR;
				CLANG_WARN_QUOTED_INCLUDE_IN_FRAMEWORK_HEADER = YES;
				CLANG_WARN_RANGE_LOOP_ANALYSIS = YES;
				CLANG_WARN_STRICT_PROTOTYPES = YES;
				CLANG_WARN_SUSPICIOUS_MOVE = YES;
				CLANG_WARN_UNGUARDED_AVAILABILITY = YES_AGGRESSIVE;
				CLANG_WARN_UNREACHABLE_CODE = YES;
				CLANG_WARN__DUPLICATE_METHOD_MATCH = YES;
				COPY_PHASE_STRIP = NO;
				DEBUG_INFORMATION_FORMAT = "dwarf-with-dsym";
				ENABLE_NS_ASSERTIONS = NO;
				ENABLE_STRICT_OBJC_MSGSEND = YES;
				GCC_C_LANGUAGE_STANDARD = gnu11;
				GCC_NO_COMMON_BLOCKS = YES;
				GCC_WARN_64_TO_32_BIT_CONVERSION = YES;
				GCC_WARN_ABOUT_RETURN_TYPE = YES_ERROR;
				GCC_WARN_UNDECLARED_SELECTOR = YES;
				GCC_WARN_UNINITIALIZED_AUTOS = YES_AGGRESSIVE;
				GCC_WARN_UNUSED_FUNCTION = YES;
				GCC_WARN_UNUSED_VARIABLE = YES;
				IPHONEOS_DEPLOYMENT_TARGET = 14.0;
				MTL_ENABLE_DEBUG_INFO = NO;
				MTL_FAST_MATH = YES;
				SDKROOT = iphoneos;
				SWIFT_COMPILATION_MODE = wholemodule;
				SWIFT_OPTIMIZATION_LEVEL = "-O";
				VALIDATE_PRODUCT = YES;
			};
			name = Release;
		};
		7E368C0125375C5C005BA3D4 /* Debug */ = {
			isa = XCBuildConfiguration;
			buildSettings = {
				ASSETCATALOG_COMPILER_APPICON_NAME = AppIcon;
				ASSETCATALOG_COMPILER_GLOBAL_ACCENT_COLOR_NAME = AccentColor;
				CODE_SIGN_STYLE = Automatic;
				DEVELOPMENT_TEAM = KMTDCPCY5V;
				INFOPLIST_FILE = GitCollabJournal36/Resources/Info.plist;
				LD_RUNPATH_SEARCH_PATHS = (
					"$(inherited)",
					"@executable_path/Frameworks",
				);
				PRODUCT_BUNDLE_IDENTIFIER = com.CameronStuart.GitCollabJournal36;
				PRODUCT_NAME = "$(TARGET_NAME)";
				SWIFT_VERSION = 5.0;
				TARGETED_DEVICE_FAMILY = "1,2";
			};
			name = Debug;
		};
		7E368C0225375C5C005BA3D4 /* Release */ = {
			isa = XCBuildConfiguration;
			buildSettings = {
				ASSETCATALOG_COMPILER_APPICON_NAME = AppIcon;
				ASSETCATALOG_COMPILER_GLOBAL_ACCENT_COLOR_NAME = AccentColor;
				CODE_SIGN_STYLE = Automatic;
				DEVELOPMENT_TEAM = KMTDCPCY5V;
				INFOPLIST_FILE = GitCollabJournal36/Resources/Info.plist;
				LD_RUNPATH_SEARCH_PATHS = (
					"$(inherited)",
					"@executable_path/Frameworks",
				);
				PRODUCT_BUNDLE_IDENTIFIER = com.CameronStuart.GitCollabJournal36;
				PRODUCT_NAME = "$(TARGET_NAME)";
				SWIFT_VERSION = 5.0;
				TARGETED_DEVICE_FAMILY = "1,2";
			};
			name = Release;
		};
/* End XCBuildConfiguration section */

/* Begin XCConfigurationList section */
		7E368BE725375C5B005BA3D4 /* Build configuration list for PBXProject "GitCollabJournal36" */ = {
			isa = XCConfigurationList;
			buildConfigurations = (
				7E368BFE25375C5C005BA3D4 /* Debug */,
				7E368BFF25375C5C005BA3D4 /* Release */,
			);
			defaultConfigurationIsVisible = 0;
			defaultConfigurationName = Release;
		};
		7E368C0025375C5C005BA3D4 /* Build configuration list for PBXNativeTarget "GitCollabJournal36" */ = {
			isa = XCConfigurationList;
			buildConfigurations = (
				7E368C0125375C5C005BA3D4 /* Debug */,
				7E368C0225375C5C005BA3D4 /* Release */,
			);
			defaultConfigurationIsVisible = 0;
			defaultConfigurationName = Release;
		};
/* End XCConfigurationList section */
	};
	rootObject = 7E368BE425375C5B005BA3D4 /* Project object */;
}
